
Microsoft Visual Studio Solution File, Format Version 12.00
# Visual Studio 15
VisualStudioVersion = 15.0.28307.106
MinimumVisualStudioVersion = 10.0.40219.1
Project("{9A19103F-16F7-4668-BE54-9A1E7A4F7556}") = "ContosoUniversity", "cu-final\ContosoUniversity.csproj", "{0109B6BE-CC3B-4FE1-B639-E3A9520E5C2C}"
EndProject
Global
	GlobalSection(SolutionConfigurationPlatforms) = preSolution
		Debug|Any CPU = Debug|Any CPU
		Release|Any CPU = Release|Any CPU
	EndGlobalSection
	GlobalSection(ProjectConfigurationPlatforms) = postSolution
		{0109B6BE-CC3B-4FE1-B639-E3A9520E5C2C}.Debug|Any CPU.ActiveCfg = Debug|Any CPU
		{0109B6BE-CC3B-4FE1-B639-E3A9520E5C2C}.Debug|Any CPU.Build.0 = Debug|Any CPU
		{0109B6BE-CC3B-4FE1-B639-E3A9520E5C2C}.Release|Any CPU.ActiveCfg = Release|Any CPU
		{0109B6BE-CC3B-4FE1-B639-E3A9520E5C2C}.Release|Any CPU.Build.0 = Release|Any CPU
	EndGlobalSection
	GlobalSection(SolutionProperties) = preSolution
		HideSolutionNode = FALSE
	EndGlobalSection
	GlobalSection(ExtensibilityGlobals) = postSolution
		SolutionGuid = {F9BC38BF-B9A8-4EC7-A836-6C5B678855BA}
	EndGlobalSection
EndGlobal
